
Microsoft Visual Studio Solution File, Format Version 10.00
# Visual Studio 2008
Project("{8BC9CEB8-8B4A-11D0-8D11-00A0C91BC942}") = "TerminalSimilar", "TerminalSimilar\TerminalSimilar.vcproj", "{7F59AF7F-2FB8-46C1-9729-B6D152A8C739}"
EndProject
Global
	GlobalSection(SolutionConfigurationPlatforms) = preSolution
		Debug|Win32 = Debug|Win32
		Release|Win32 = Release|Win32
	EndGlobalSection
	GlobalSection(ProjectConfigurationPlatforms) = postSolution
		{7F59AF7F-2FB8-46C1-9729-B6D152A8C739}.Debug|Win32.ActiveCfg = Debug|Win32
		{7F59AF7F-2FB8-46C1-9729-B6D152A8C739}.Debug|Win32.Build.0 = Debug|Win32
		{7F59AF7F-2FB8-46C1-9729-B6D152A8C739}.Release|Win32.ActiveCfg = Release|Win32
		{7F59AF7F-2FB8-46C1-9729-B6D152A8C739}.Release|Win32.Build.0 = Release|Win32
	EndGlobalSection
	GlobalSection(SolutionProperties) = preSolution
		HideSolutionNode = FALSE
	EndGlobalSection
EndGlobal
